
Microsoft Visual Studio Solution File, Format Version 12.00
# Visual Studio Version 16
VisualStudioVersion = 16.0.32929.386
MinimumVisualStudioVersion = 10.0.40219.1
Project("{FAE04EC0-301F-11D3-BF4B-00C04F79EFBC}") = "GuanaHospi", "GuanaHospi.csproj", "{39046FF9-14A8-4E57-B61E-2C3174C2424D}"
EndProject
Global
	GlobalSection(SolutionConfigurationPlatforms) = preSolution
		Debug|Any CPU = Debug|Any CPU
		Release|Any CPU = Release|Any CPU
	EndGlobalSection
	GlobalSection(ProjectConfigurationPlatforms) = postSolution
		{39046FF9-14A8-4E57-B61E-2C3174C2424D}.Debug|Any CPU.ActiveCfg = Debug|Any CPU
		{39046FF9-14A8-4E57-B61E-2C3174C2424D}.Debug|Any CPU.Build.0 = Debug|Any CPU
		{39046FF9-14A8-4E57-B61E-2C3174C2424D}.Release|Any CPU.ActiveCfg = Release|Any CPU
		{39046FF9-14A8-4E57-B61E-2C3174C2424D}.Release|Any CPU.Build.0 = Release|Any CPU
	EndGlobalSection
	GlobalSection(SolutionProperties) = preSolution
		HideSolutionNode = FALSE
	EndGlobalSection
	GlobalSection(ExtensibilityGlobals) = postSolution
		SolutionGuid = {05A1A2E1-7799-4076-A3E6-5B99E2BFBD64}
	EndGlobalSection
EndGlobal
